schema: '2.0'
stages:
  data_load:
    cmd: python src/stages/data_load.py --config=params.yaml
    deps:
    - path: src/stages/data_load.py
      md5: 0cc70cf45796d62ee0cede546ac96d22
      size: 2023
    params:
      params.yaml:
        data:
          dataset_name: baseline_split
          data_base_dir: ../data
          embeddings_dir: embeddings
          embeddings: embeddings.parquet
          annotations: annotations.csv
          baseline_split:
            name: baseline_split
            data_dir: ../data
            data_subdir: test
            is_zipped: true
            data_zip_filename: baseline_split.zip
          guie_custom_data_224:
            name: guie_custom_data_224
            data_dir: ~/storage/kaggle-guie
            data_subdir: test
        data_load:
          num_examples: all
    outs:
    - path: ../data/baseline_split/annotations.csv
      md5: 496cb591dd15cc6557f44a35391d1fb5
      size: 49165
  build_embeddings:
    cmd: python src/stages/build_embeddings.py --config=params.yaml
    deps:
    - path: ../data/baseline_split/annotations.csv
      md5: 496cb591dd15cc6557f44a35391d1fb5
      size: 49165
    params:
      params.yaml:
        embeddings:
          batch_size: 2
          models_dir: models
          model_name: saved_model.pt
    outs:
    - path: ../data/baseline_split/embeddings/embeddings.parquet
      md5: 3190ee637b76996e00fd0a00840cf580
      size: 1007720
  build_index:
    cmd: python src/stages/build_index.py --config=params.yaml
    deps:
    - path: ../data/baseline_split/embeddings/embeddings.parquet
      md5: 3190ee637b76996e00fd0a00840cf580
      size: 1007720
    - path: src/stages/build_index.py
      md5: 0407ff8fdde42b0c64a563eabdbe32e6
      size: 1505
    params:
      params.yaml:
        build_index:
          models_dir: models
          model_name: faiss.index
    outs:
    - path: models/faiss.index
      md5: 33083abed5bfdd4364c0aa9ef53949ac
      size: 480301
  evaluate:
    cmd: python src/stages/evaluate.py --config=params.yaml
    deps:
    - path: ../data/baseline_split/embeddings/embeddings.parquet
      md5: 3190ee637b76996e00fd0a00840cf580
      size: 1007720
    - path: models/faiss.index
      md5: 33083abed5bfdd4364c0aa9ef53949ac
      size: 480301
    - path: src/stages/evaluate.py
      md5: 12d876ef4df8c1532c9565fa60229e34
      size: 3918
    params:
      params.yaml:
        evaluate:
          reports_dir: reports
          metrics_map5: metrics_map5.json
          metrics_all: metrics_all.csv
          plots_metrics_all: plot_metrics_all.png
          query_results: query_results.csv
    outs:
    - path: reports/metrics_all.csv
      md5: 6cf039c16e658d85d3ffba9d12a6587c
      size: 901
    - path: reports/metrics_map5.json
      md5: 8f7556c0d808e636efa858ccd3c70659
      size: 317
    - path: reports/plot_metrics_all.png
      md5: 435439e8ce31b5d661e6b41e353eb9de
      size: 329283
